
Microsoft Visual Studio Solution File, Format Version 12.00
# Visual Studio Version 17
VisualStudioVersion = 17.1.32421.90
MinimumVisualStudioVersion = 10.0.40219.1
Project("{FAE04EC0-301F-11D3-BF4B-00C04F79EFBC}") = "dotnet-webapp", "dotnet-webapp\dotnet-webapp.csproj", "{911BBCA5-C04D-46E8-9A63-D2C2D7A78653}"
EndProject
Global
	GlobalSection(SolutionConfigurationPlatforms) = preSolution
		Debug|Any CPU = Debug|Any CPU
		Release|Any CPU = Release|Any CPU
	EndGlobalSection
	GlobalSection(ProjectConfigurationPlatforms) = postSolution
		{911BBCA5-C04D-46E8-9A63-D2C2D7A78653}.Debug|Any CPU.ActiveCfg = Debug|Any CPU
		{911BBCA5-C04D-46E8-9A63-D2C2D7A78653}.Debug|Any CPU.Build.0 = Debug|Any CPU
		{911BBCA5-C04D-46E8-9A63-D2C2D7A78653}.Release|Any CPU.ActiveCfg = Release|Any CPU
		{911BBCA5-C04D-46E8-9A63-D2C2D7A78653}.Release|Any CPU.Build.0 = Release|Any CPU
	EndGlobalSection
	GlobalSection(SolutionProperties) = preSolution
		HideSolutionNode = FALSE
	EndGlobalSection
	GlobalSection(ExtensibilityGlobals) = postSolution
		SolutionGuid = {13FC5094-6608-4420-B789-570DD0D21D8B}
	EndGlobalSection
EndGlobal
